
Microsoft Visual Studio Solution File, Format Version 12.00
# Visual Studio Version 17
VisualStudioVersion = 17.9.34622.214
MinimumVisualStudioVersion = 10.0.40219.1
Project("{8BC9CEB8-8B4A-11D0-8D11-00A0C91BC942}") = "Pointer dan Friend clas", "Pointer dan Friend clas\Pointer dan Friend clas.vcxproj", "{43EBD814-26D5-4D78-BA76-265123145EAE}"
EndProject
Project("{2150E333-8FDC-42A3-9474-1A3956D46DE8}") = "Solution Items", "Solution Items", "{4D6F9A8B-3DFE-46A0-BE41-98C554178660}"
	ProjectSection(SolutionItems) = preProject
		Friendclass2.cpp = Friendclass2.cpp
		FriendFunction.cpp = FriendFunction.cpp
		Pointer2.cpp = Pointer2.cpp
		Pointer3.cpp = Pointer3.cpp
		Pointer4.cpp = Pointer4.cpp
	EndProjectSection
EndProject
Global
	GlobalSection(SolutionConfigurationPlatforms) = preSolution
		Debug|x64 = Debug|x64
		Debug|x86 = Debug|x86
		Release|x64 = Release|x64
		Release|x86 = Release|x86
	EndGlobalSection
	GlobalSection(ProjectConfigurationPlatforms) = postSolution
		{43EBD814-26D5-4D78-BA76-265123145EAE}.Debug|x64.ActiveCfg = Debug|x64
		{43EBD814-26D5-4D78-BA76-265123145EAE}.Debug|x64.Build.0 = Debug|x64
		{43EBD814-26D5-4D78-BA76-265123145EAE}.Debug|x86.ActiveCfg = Debug|Win32
		{43EBD814-26D5-4D78-BA76-265123145EAE}.Debug|x86.Build.0 = Debug|Win32
		{43EBD814-26D5-4D78-BA76-265123145EAE}.Release|x64.ActiveCfg = Release|x64
		{43EBD814-26D5-4D78-BA76-265123145EAE}.Release|x64.Build.0 = Release|x64
		{43EBD814-26D5-4D78-BA76-265123145EAE}.Release|x86.ActiveCfg = Release|Win32
		{43EBD814-26D5-4D78-BA76-265123145EAE}.Release|x86.Build.0 = Release|Win32
	EndGlobalSection
	GlobalSection(SolutionProperties) = preSolution
		HideSolutionNode = FALSE
	EndGlobalSection
	GlobalSection(ExtensibilityGlobals) = postSolution
		SolutionGuid = {5B5C7F78-AC68-4826-A1A4-117F5E541F5F}
	EndGlobalSection
EndGlobal
